<?xml version="1.0" encoding="utf-8"?>
<Project ToolsVersion="4.0" xmlns="http://schemas.microsoft.com/developer/msbuild/2003">
  <ItemGroup>
    <ClCompile Include="source\ECS\Components.cpp" />
    <ClCompile Include="source\ECS\ECSystem.cpp" />
    <ClCompile Include="source\system\inputSystem.cpp" />
    <ClCompile Include="source\ECS\gameObject.cpp" />
    <ClCompile Include="source\level\GameState.cpp" />
    <ClCompile Include="source\main.cpp" />
    <ClCompile Include="source\system\TurnBasedSystem.cpp" />
    <ClCompile Include="source\util\Pathfinding.cpp" />
    <ClCompile Include="source\UI\Text.cpp" />
    <ClCompile Include="source\system\transformSystem.cpp" />
    <ClCompile Include="source\UI\UI.cpp" />
    <ClCompile Include="source\util\util.cpp" />
    <ClCompile Include="source\ECS\Scene.cpp" />
    <ClCompile Include="source\system\TargettingSystem.cpp" />
    <ClCompile Include="source\util\Event.cpp" />
    <ClCompile Include="source\UI\cardInteraction.cpp" />
    <ClCompile Include="source\level\level.cpp" />
    <ClCompile Include="source\system\GridSystem.cpp" />
    <ClCompile Include="source\factory\MeshFactory.cpp" />
    <ClCompile Include="source\factory\TextureFactory.cpp" />
    <ClCompile Include="source\system\renderSystem.cpp" />
    <ClCompile Include="source\factory\EntityFactory.cpp" />
    <ClCompile Include="source\system\TimerSystem.cpp" />
    <ClCompile Include="source\system\PhaseSystem.cpp" />
    <ClCompile Include="source\UI\cardInformation.cpp" />
    <ClCompile Include="source\util\BST.cpp" />
    <ClCompile Include="source\global.cpp" />
    <ClCompile Include="source\system\particleSystem.cpp" />
  </ItemGroup>
  <ItemGroup>
    <ClInclude Include="source\ECS\card.h" />
    <ClInclude Include="source\ECS\Components.h" />
    <ClInclude Include="source\ECS\ECSystem.h" />
    <ClInclude Include="source\system\inputSystem.h" />
    <ClInclude Include="source\ECS\gameObject.h" />
    <ClInclude Include="source\level\GameState.h" />
    <ClInclude Include="source\global.h" />
    <ClInclude Include="source\system\TurnBasedSystem.h" />
    <ClInclude Include="source\util\Pathfinding.h" />
    <ClInclude Include="source\UI\Text.h" />
    <ClInclude Include="source\system\transformSystem.h" />
    <ClInclude Include="source\UI\UI.h" />
    <ClInclude Include="source\util\util.h" />
    <ClInclude Include="source\ECS\Scene.h" />
    <ClInclude Include="source\system\TargettingSystem.h" />
    <ClInclude Include="source\util\Event.h" />
    <ClInclude Include="source\UI\cardInteraction.h" />
    <ClInclude Include="source\level\level.h" />
    <ClInclude Include="source\system\GridSystem.h" />
    <ClInclude Include="source\factory\MeshFactory.h" />
    <ClInclude Include="source\factory\TextureFactory.h" />
    <ClInclude Include="source\system\renderSystem.h" />
    <ClInclude Include="source\factory\EntityFactory.h" />
    <ClInclude Include="source\system\TimerSystem.h" />
    <ClInclude Include="source\system\PhaseSystem.h" />
    <ClInclude Include="source\UI\cardInformation.h" />
    <ClInclude Include="source\util\BST.h" />
    <ClInclude Include="source\system\particleSystem.h" />
  </ItemGroup>
</Project>