<?xml version="1.0" encoding="utf-8"?>
<Project ToolsVersion="4.0" xmlns="http://schemas.microsoft.com/developer/msbuild/2003">
  <ItemGroup>
    <ClCompile Include="source\util\GameStateManager.cpp" />
    <ClCompile Include="source\level\menu.cpp" />
    <ClCompile Include="source\system\CameraSystem.cpp" />
    <ClCompile Include="source\global.cpp" />
    <ClCompile Include="source\system\CardSystem.cpp" />
    <ClCompile Include="source\system\CombatSystem.cpp" />
    <ClCompile Include="source\system\EnemyDirector.cpp" />
    <ClCompile Include="source\system\particleSystem.cpp" />
    <ClCompile Include="source\system\velocitySystem.cpp" />
    <ClCompile Include="source\util\BST.cpp" />
    <ClCompile Include="source\UI\cardInformation.cpp" />
    <ClCompile Include="source\system\PhaseSystem.cpp" />
    <ClCompile Include="source\UI\cardInteraction.cpp" />
    <ClCompile Include="source\ECS\Components.cpp" />
    <ClCompile Include="source\ECS\ECSystem.cpp" />
    <ClCompile Include="source\system\inputSystem.cpp" />
    <ClCompile Include="source\level\game.cpp" />
    <ClCompile Include="source\system\GridSystem.cpp" />
    <ClCompile Include="source\main.cpp" />
    <ClCompile Include="source\factory\MeshFactory.cpp" />
    <ClCompile Include="source\factory\TextureFactory.cpp" />
    <ClCompile Include="source\system\TargettingSystem.cpp" />
    <ClCompile Include="source\system\TurnBasedSystem.cpp" />
    <ClCompile Include="source\util\Event.cpp" />
    <ClCompile Include="source\util\json_parser.cpp" />
    <ClCompile Include="source\util\Pathfinding.cpp" />
    <ClCompile Include="source\system\renderSystem.cpp" />
    <ClCompile Include="source\factory\EntityFactory.cpp" />
    <ClCompile Include="source\UI\Text.cpp" />
    <ClCompile Include="source\system\transformSystem.cpp" />
    <ClCompile Include="source\UI\UI.cpp" />
    <ClCompile Include="source\util\util.cpp" />
    <ClCompile Include="source\ECS\Scene.cpp" />
    <ClCompile Include="source\system\TimerSystem.cpp" />
    <ClCompile Include="source\level\CombatLevel.cpp" />
    <ClCompile Include="source\util\LevelManager.cpp" />
    <ClCompile Include="source\system\PhaseSystem.cpp" />
    <ClCompile Include="source\UI\cardInformation.cpp" />
    <ClCompile Include="source\util\BST.cpp" />
    <ClCompile Include="source\global.cpp" />
    <ClCompile Include="source\system\particleSystem.cpp" />
    <ClCompile Include="source\system\EnemyDirector.cpp" />
    <ClCompile Include="source\util\json_parser.cpp" />
    <ClCompile Include="source\system\CombatSystem.cpp" />
    <ClCompile Include="source\system\CameraSystem.cpp" />
    <ClCompile Include="source\system\CardSystem.cpp" />
    <ClCompile Include="source\level\menu.cpp" />
    <ClCompile Include="source\level\game.cpp" />
    <ClCompile Include="source\util\GameStateManager.cpp" />
    <ClCompile Include="source\system\velocitySystem.cpp" />
    <ClCompile Include="source\system\AnimationSystem.cpp" />
    <ClCompile Include="source\pch.cpp" />
    <ClCompile Include="source\system\CardResolver.cpp" />
    <ClCompile Include="source\level\EncounterLevel.cpp" />
    <ClCompile Include="source\UI\PauseMenu.cpp" />
    <ClCompile Include="source\UI\UIObject.cpp" />
    <ClCompile Include="source\UI\Victory_Select.cpp" />
    <ClCompile Include="source\factory\Beastiary.cpp" />
    <ClCompile Include="source\factory\AudioFactory.cpp" />
    <ClCompile Include="source\UI\IntentionDisplay.cpp" />
    <ClCompile Include="source\level\Gameover.cpp" />
    <ClCompile Include="source\system\ScoringSystem.cpp" />
    <ClCompile Include="source\UI\MenuUI.cpp" />
  </ItemGroup>
  <ItemGroup>
    <ClInclude Include="source\util\GameStateManager.h" />
    <ClInclude Include="source\level\menu.h" />
    <ClInclude Include="source\system\CameraSystem.h" />
    <ClInclude Include="source\system\CardConstants.h" />
    <ClInclude Include="source\system\CardSystem.h" />
    <ClInclude Include="source\system\CombatSystem.h" />
    <ClInclude Include="source\system\EnemyDirector.h" />
    <ClInclude Include="source\system\particleSystem.h" />
    <ClInclude Include="source\system\velocitySystem.h" />
    <ClInclude Include="source\util\BST.h" />
    <ClInclude Include="source\UI\cardInformation.h" />
    <ClInclude Include="source\system\PhaseSystem.h" />
    <ClInclude Include="source\ECS\card.h" />
    <ClInclude Include="source\UI\cardInteraction.h" />
    <ClInclude Include="source\ECS\Components.h" />
    <ClInclude Include="source\ECS\ECSystem.h" />
    <ClInclude Include="source\system\inputSystem.h" />
    <ClInclude Include="source\level\game.h" />
    <ClInclude Include="source\global.h" />
    <ClInclude Include="source\system\GridSystem.h" />
    <ClInclude Include="source\factory\MeshFactory.h" />
    <ClInclude Include="source\factory\TextureFactory.h" />
    <ClInclude Include="source\system\TargettingSystem.h" />
    <ClInclude Include="source\system\TurnBasedSystem.h" />
    <ClInclude Include="source\util\Event.h" />
    <ClInclude Include="source\util\json_parser.h" />
    <ClInclude Include="source\util\Pathfinding.h" />
    <ClInclude Include="source\system\renderSystem.h" />
    <ClInclude Include="source\factory\EntityFactory.h" />
    <ClInclude Include="source\UI\Text.h" />
    <ClInclude Include="source\system\transformSystem.h" />
    <ClInclude Include="source\UI\UI.h" />
    <ClInclude Include="source\util\util.h" />
    <ClInclude Include="source\ECS\Scene.h" />
    <ClInclude Include="source\system\TimerSystem.h" />
    <ClInclude Include="source\level\CombatLevel.h" />
    <ClInclude Include="source\util\LevelManager.h" />
    <ClInclude Include="source\system\PhaseSystem.h" />
    <ClInclude Include="source\UI\cardInformation.h" />
    <ClInclude Include="source\util\BST.h" />
    <ClInclude Include="source\system\particleSystem.h" />
    <ClInclude Include="source\system\EnemyDirector.h" />
    <ClInclude Include="source\util\json_parser.h" />
    <ClInclude Include="source\system\CombatSystem.h" />
    <ClInclude Include="source\system\CameraSystem.h" />
    <ClInclude Include="source\system\CardSystem.h" />
    <ClInclude Include="source\system\CardConstants.h" />
    <ClInclude Include="source\level\menu.h" />
    <ClInclude Include="source\level\game.h" />
    <ClInclude Include="source\util\GameStateManager.h" />
    <ClInclude Include="source\system\velocitySystem.h" />
    <ClInclude Include="source\system\AnimationSystem.h" />
    <ClInclude Include="source\pch.h" />
    <ClInclude Include="source\types.h" />
    <ClInclude Include="source\system\CardResolver.h" />
    <ClInclude Include="source\level\EncounterLevel.h" />
    <ClInclude Include="source\UI\PauseMenu.h" />
    <ClInclude Include="source\UI\UIObject.h" />
    <ClInclude Include="source\UI\Victory_Card_Select.h" />
    <ClInclude Include="source\UI\Victory_Select.h" />
    <ClInclude Include="source\factory\Beastiary.h" />
    <ClInclude Include="source\UI\IntentionDisplay.h" />
    <ClInclude Include="source\level\Gameover.h" />
    <ClInclude Include="source\system\ScoringSystem.h" />
    <ClInclude Include="source\UI\MenuUI.h" />
  </ItemGroup>
  <ItemGroup>
    <None Include="Assets\misc\enemies.json" />
    <ClInclude Include="source\factory\AudioFactory.h" />
  </ItemGroup>
</Project>